
Microsoft Visual Studio Solution File, Format Version 12.00
# Visual Studio Version 17
VisualStudioVersion = 17.12.35527.113
MinimumVisualStudioVersion = 10.0.40219.1
Project("{FAE04EC0-301F-11D3-BF4B-00C04F79EFBC}") = "BTManagement.Core", "BTManagement.Core\BTManagement.Core.csproj", "{A60B1EFF-91D9-4C69-9C96-5530CA5B19F7}"
EndProject
Project("{FAE04EC0-301F-11D3-BF4B-00C04F79EFBC}") = "BTManagement.Data", "BTManagement.Data\BTManagement.Data.csproj", "{106C7EC6-3721-420D-B48B-1B6B8BD040E3}"
EndProject
Project("{FAE04EC0-301F-11D3-BF4B-00C04F79EFBC}") = "BTManagement.Service", "BTManagement.Service\BTManagement.Service.csproj", "{0D79AF0E-8ACF-4905-9011-CCC20822C2E7}"
EndProject
Project("{FAE04EC0-301F-11D3-BF4B-00C04F79EFBC}") = "BTManagement.WebUI", "BTManagement.WebUI\BTManagement.WebUI.csproj", "{BAEC3DB6-C50E-4EA5-8C02-FB94B6011831}"
EndProject
Global
	GlobalSection(SolutionConfigurationPlatforms) = preSolution
		Debug|Any CPU = Debug|Any CPU
		Release|Any CPU = Release|Any CPU
	EndGlobalSection
	GlobalSection(ProjectConfigurationPlatforms) = postSolution
		{A60B1EFF-91D9-4C69-9C96-5530CA5B19F7}.Debug|Any CPU.ActiveCfg = Debug|Any CPU
		{A60B1EFF-91D9-4C69-9C96-5530CA5B19F7}.Debug|Any CPU.Build.0 = Debug|Any CPU
		{A60B1EFF-91D9-4C69-9C96-5530CA5B19F7}.Release|Any CPU.ActiveCfg = Release|Any CPU
		{A60B1EFF-91D9-4C69-9C96-5530CA5B19F7}.Release|Any CPU.Build.0 = Release|Any CPU
		{106C7EC6-3721-420D-B48B-1B6B8BD040E3}.Debug|Any CPU.ActiveCfg = Debug|Any CPU
		{106C7EC6-3721-420D-B48B-1B6B8BD040E3}.Debug|Any CPU.Build.0 = Debug|Any CPU
		{106C7EC6-3721-420D-B48B-1B6B8BD040E3}.Release|Any CPU.ActiveCfg = Release|Any CPU
		{106C7EC6-3721-420D-B48B-1B6B8BD040E3}.Release|Any CPU.Build.0 = Release|Any CPU
		{0D79AF0E-8ACF-4905-9011-CCC20822C2E7}.Debug|Any CPU.ActiveCfg = Debug|Any CPU
		{0D79AF0E-8ACF-4905-9011-CCC20822C2E7}.Debug|Any CPU.Build.0 = Debug|Any CPU
		{0D79AF0E-8ACF-4905-9011-CCC20822C2E7}.Release|Any CPU.ActiveCfg = Release|Any CPU
		{0D79AF0E-8ACF-4905-9011-CCC20822C2E7}.Release|Any CPU.Build.0 = Release|Any CPU
		{BAEC3DB6-C50E-4EA5-8C02-FB94B6011831}.Debug|Any CPU.ActiveCfg = Debug|Any CPU
		{BAEC3DB6-C50E-4EA5-8C02-FB94B6011831}.Debug|Any CPU.Build.0 = Debug|Any CPU
		{BAEC3DB6-C50E-4EA5-8C02-FB94B6011831}.Release|Any CPU.ActiveCfg = Release|Any CPU
		{BAEC3DB6-C50E-4EA5-8C02-FB94B6011831}.Release|Any CPU.Build.0 = Release|Any CPU
	EndGlobalSection
	GlobalSection(SolutionProperties) = preSolution
		HideSolutionNode = FALSE
	EndGlobalSection
EndGlobal
